
Microsoft Visual Studio Solution File, Format Version 12.00
# Visual Studio Version 17
VisualStudioVersion = 17.5.33530.505
MinimumVisualStudioVersion = 10.0.40219.1
Project("{FAE04EC0-301F-11D3-BF4B-00C04F79EFBC}") = "IoT_Debugger", "IoT_Debugger\IoT_Debugger.csproj", "{5C7EB09C-086F-4442-9AC7-53314E47A6D4}"
EndProject
Global
	GlobalSection(SolutionConfigurationPlatforms) = preSolution
		Debug|Any CPU = Debug|Any CPU
		Release|Any CPU = Release|Any CPU
	EndGlobalSection
	GlobalSection(ProjectConfigurationPlatforms) = postSolution
		{5C7EB09C-086F-4442-9AC7-53314E47A6D4}.Debug|Any CPU.ActiveCfg = Debug|Any CPU
		{5C7EB09C-086F-4442-9AC7-53314E47A6D4}.Debug|Any CPU.Build.0 = Debug|Any CPU
		{5C7EB09C-086F-4442-9AC7-53314E47A6D4}.Release|Any CPU.ActiveCfg = Release|Any CPU
		{5C7EB09C-086F-4442-9AC7-53314E47A6D4}.Release|Any CPU.Build.0 = Release|Any CPU
	EndGlobalSection
	GlobalSection(SolutionProperties) = preSolution
		HideSolutionNode = FALSE
	EndGlobalSection
	GlobalSection(ExtensibilityGlobals) = postSolution
		SolutionGuid = {20FB2C95-5FF4-4679-93E7-9D1A9D44B3A2}
	EndGlobalSection
EndGlobal
